
Microsoft Visual Studio Solution File, Format Version 12.00
# Visual Studio Version 16
VisualStudioVersion = 16.0.31829.152
MinimumVisualStudioVersion = 10.0.40219.1
Project("{FAE04EC0-301F-11D3-BF4B-00C04F79EFBC}") = "ders2.3.4MetotlarTekrar", "ders2.3.4MetotlarTekrar\ders2.3.4MetotlarTekrar.csproj", "{2019C49C-C6CD-4F54-B1F2-86D491B6CFBA}"
EndProject
Global
	GlobalSection(SolutionConfigurationPlatforms) = preSolution
		Debug|Any CPU = Debug|Any CPU
		Release|Any CPU = Release|Any CPU
	EndGlobalSection
	GlobalSection(ProjectConfigurationPlatforms) = postSolution
		{2019C49C-C6CD-4F54-B1F2-86D491B6CFBA}.Debug|Any CPU.ActiveCfg = Debug|Any CPU
		{2019C49C-C6CD-4F54-B1F2-86D491B6CFBA}.Debug|Any CPU.Build.0 = Debug|Any CPU
		{2019C49C-C6CD-4F54-B1F2-86D491B6CFBA}.Release|Any CPU.ActiveCfg = Release|Any CPU
		{2019C49C-C6CD-4F54-B1F2-86D491B6CFBA}.Release|Any CPU.Build.0 = Release|Any CPU
	EndGlobalSection
	GlobalSection(SolutionProperties) = preSolution
		HideSolutionNode = FALSE
	EndGlobalSection
	GlobalSection(ExtensibilityGlobals) = postSolution
		SolutionGuid = {97F5ED96-1432-4844-BB3F-7835E934322D}
	EndGlobalSection
EndGlobal
