
Microsoft Visual Studio Solution File, Format Version 12.00
# Visual Studio Version 16
VisualStudioVersion = 16.0.31829.152
MinimumVisualStudioVersion = 10.0.40219.1
Project("{FAE04EC0-301F-11D3-BF4B-00C04F79EFBC}") = "Alisveris.common", "Alisveris.common\Alisveris.common.csproj", "{7B07691D-A556-4B45-96DC-1D301C65DD86}"
EndProject
Project("{FAE04EC0-301F-11D3-BF4B-00C04F79EFBC}") = "Alisveris.Entity", "Alisveris.Entity\Alisveris.Entity.csproj", "{3BE7CC60-3760-414B-9B5C-68B9F8A70B3A}"
EndProject
Project("{FAE04EC0-301F-11D3-BF4B-00C04F79EFBC}") = "Alisveris.ORM", "Alisveris.ORM\Alisveris.ORM.csproj", "{FA69628F-9670-4A2D-B261-4DAA44035BA1}"
EndProject
Project("{FAE04EC0-301F-11D3-BF4B-00C04F79EFBC}") = "Alisveris.View", "Alisveris.View\Alisveris.View.csproj", "{9795CECA-B9F6-4DF5-907A-4CDC88699E64}"
EndProject
Global
	GlobalSection(SolutionConfigurationPlatforms) = preSolution
		Debug|Any CPU = Debug|Any CPU
		Release|Any CPU = Release|Any CPU
	EndGlobalSection
	GlobalSection(ProjectConfigurationPlatforms) = postSolution
		{7B07691D-A556-4B45-96DC-1D301C65DD86}.Debug|Any CPU.ActiveCfg = Debug|Any CPU
		{7B07691D-A556-4B45-96DC-1D301C65DD86}.Debug|Any CPU.Build.0 = Debug|Any CPU
		{7B07691D-A556-4B45-96DC-1D301C65DD86}.Release|Any CPU.ActiveCfg = Release|Any CPU
		{7B07691D-A556-4B45-96DC-1D301C65DD86}.Release|Any CPU.Build.0 = Release|Any CPU
		{3BE7CC60-3760-414B-9B5C-68B9F8A70B3A}.Debug|Any CPU.ActiveCfg = Debug|Any CPU
		{3BE7CC60-3760-414B-9B5C-68B9F8A70B3A}.Debug|Any CPU.Build.0 = Debug|Any CPU
		{3BE7CC60-3760-414B-9B5C-68B9F8A70B3A}.Release|Any CPU.ActiveCfg = Release|Any CPU
		{3BE7CC60-3760-414B-9B5C-68B9F8A70B3A}.Release|Any CPU.Build.0 = Release|Any CPU
		{FA69628F-9670-4A2D-B261-4DAA44035BA1}.Debug|Any CPU.ActiveCfg = Debug|Any CPU
		{FA69628F-9670-4A2D-B261-4DAA44035BA1}.Debug|Any CPU.Build.0 = Debug|Any CPU
		{FA69628F-9670-4A2D-B261-4DAA44035BA1}.Release|Any CPU.ActiveCfg = Release|Any CPU
		{FA69628F-9670-4A2D-B261-4DAA44035BA1}.Release|Any CPU.Build.0 = Release|Any CPU
		{9795CECA-B9F6-4DF5-907A-4CDC88699E64}.Debug|Any CPU.ActiveCfg = Debug|Any CPU
		{9795CECA-B9F6-4DF5-907A-4CDC88699E64}.Debug|Any CPU.Build.0 = Debug|Any CPU
		{9795CECA-B9F6-4DF5-907A-4CDC88699E64}.Release|Any CPU.ActiveCfg = Release|Any CPU
		{9795CECA-B9F6-4DF5-907A-4CDC88699E64}.Release|Any CPU.Build.0 = Release|Any CPU
	EndGlobalSection
	GlobalSection(SolutionProperties) = preSolution
		HideSolutionNode = FALSE
	EndGlobalSection
	GlobalSection(ExtensibilityGlobals) = postSolution
		SolutionGuid = {C8AE947A-62A8-48D4-9677-780B4AB6DC3A}
	EndGlobalSection
EndGlobal
