
Microsoft Visual Studio Solution File, Format Version 12.00
# Visual Studio Version 16
VisualStudioVersion = 16.0.31829.152
MinimumVisualStudioVersion = 10.0.40219.1
Project("{FAE04EC0-301F-11D3-BF4B-00C04F79EFBC}") = "Blog3", "Blog3\Blog3.csproj", "{B9173BE7-B10F-441B-A9EF-2DBD721402B0}"
EndProject
Global
	GlobalSection(SolutionConfigurationPlatforms) = preSolution
		Debug|Any CPU = Debug|Any CPU
		Release|Any CPU = Release|Any CPU
	EndGlobalSection
	GlobalSection(ProjectConfigurationPlatforms) = postSolution
		{B9173BE7-B10F-441B-A9EF-2DBD721402B0}.Debug|Any CPU.ActiveCfg = Debug|Any CPU
		{B9173BE7-B10F-441B-A9EF-2DBD721402B0}.Debug|Any CPU.Build.0 = Debug|Any CPU
		{B9173BE7-B10F-441B-A9EF-2DBD721402B0}.Release|Any CPU.ActiveCfg = Release|Any CPU
		{B9173BE7-B10F-441B-A9EF-2DBD721402B0}.Release|Any CPU.Build.0 = Release|Any CPU
	EndGlobalSection
	GlobalSection(SolutionProperties) = preSolution
		HideSolutionNode = FALSE
	EndGlobalSection
	GlobalSection(ExtensibilityGlobals) = postSolution
		SolutionGuid = {34A54AE6-D6E8-4DB7-8714-A0933CA8EFAA}
	EndGlobalSection
EndGlobal
