
Microsoft Visual Studio Solution File, Format Version 12.00
# Visual Studio Version 16
VisualStudioVersion = 16.0.31829.152
MinimumVisualStudioVersion = 10.0.40219.1
Project("{FAE04EC0-301F-11D3-BF4B-00C04F79EFBC}") = "DERS3.3.3Lokanta", "DERS3.3.3Lokanta\DERS3.3.3Lokanta.csproj", "{A42B05BD-02BC-4BFE-A168-2DB5DC9A1489}"
EndProject
Project("{FAE04EC0-301F-11D3-BF4B-00C04F79EFBC}") = "ders3.3.4AlanCevre", "ders3.3.4AlanCevre\ders3.3.4AlanCevre.csproj", "{CBF092C4-B54E-4C0D-861D-064E5E70B858}"
EndProject
Global
	GlobalSection(SolutionConfigurationPlatforms) = preSolution
		Debug|Any CPU = Debug|Any CPU
		Release|Any CPU = Release|Any CPU
	EndGlobalSection
	GlobalSection(ProjectConfigurationPlatforms) = postSolution
		{A42B05BD-02BC-4BFE-A168-2DB5DC9A1489}.Debug|Any CPU.ActiveCfg = Debug|Any CPU
		{A42B05BD-02BC-4BFE-A168-2DB5DC9A1489}.Debug|Any CPU.Build.0 = Debug|Any CPU
		{A42B05BD-02BC-4BFE-A168-2DB5DC9A1489}.Release|Any CPU.ActiveCfg = Release|Any CPU
		{A42B05BD-02BC-4BFE-A168-2DB5DC9A1489}.Release|Any CPU.Build.0 = Release|Any CPU
		{CBF092C4-B54E-4C0D-861D-064E5E70B858}.Debug|Any CPU.ActiveCfg = Debug|Any CPU
		{CBF092C4-B54E-4C0D-861D-064E5E70B858}.Debug|Any CPU.Build.0 = Debug|Any CPU
		{CBF092C4-B54E-4C0D-861D-064E5E70B858}.Release|Any CPU.ActiveCfg = Release|Any CPU
		{CBF092C4-B54E-4C0D-861D-064E5E70B858}.Release|Any CPU.Build.0 = Release|Any CPU
	EndGlobalSection
	GlobalSection(SolutionProperties) = preSolution
		HideSolutionNode = FALSE
	EndGlobalSection
	GlobalSection(ExtensibilityGlobals) = postSolution
		SolutionGuid = {D5A258F0-7FE4-4E25-85DC-3EF6FC51C564}
	EndGlobalSection
EndGlobal
