
Microsoft Visual Studio Solution File, Format Version 12.00
# Visual Studio Version 16
VisualStudioVersion = 16.0.31829.152
MinimumVisualStudioVersion = 10.0.40219.1
Project("{FAE04EC0-301F-11D3-BF4B-00C04F79EFBC}") = "OKUL", "OKUL\OKUL.csproj", "{A87912E5-9431-4ED1-B324-55DC6245474B}"
EndProject
Global
	GlobalSection(SolutionConfigurationPlatforms) = preSolution
		Debug|Any CPU = Debug|Any CPU
		Release|Any CPU = Release|Any CPU
	EndGlobalSection
	GlobalSection(ProjectConfigurationPlatforms) = postSolution
		{A87912E5-9431-4ED1-B324-55DC6245474B}.Debug|Any CPU.ActiveCfg = Debug|Any CPU
		{A87912E5-9431-4ED1-B324-55DC6245474B}.Debug|Any CPU.Build.0 = Debug|Any CPU
		{A87912E5-9431-4ED1-B324-55DC6245474B}.Release|Any CPU.ActiveCfg = Release|Any CPU
		{A87912E5-9431-4ED1-B324-55DC6245474B}.Release|Any CPU.Build.0 = Release|Any CPU
	EndGlobalSection
	GlobalSection(SolutionProperties) = preSolution
		HideSolutionNode = FALSE
	EndGlobalSection
	GlobalSection(ExtensibilityGlobals) = postSolution
		SolutionGuid = {484DBAF3-32A3-4375-9391-5650B0A9E8E6}
	EndGlobalSection
EndGlobal
